// !$*UTF8*$!
{
	archiveVersion = 1;
	classes = {
	};
	objectVersion = 51;
	objects = {

/* Begin PBXBuildFile section */
		326A35AE24DCE66700782592 /* AppDelegate.swift in Sources */ = {isa = PBXBuildFile; fileRef = 326A35AD24DCE66700782592 /* AppDelegate.swift */; };
		326A35B024DCE66700782592 /* SceneDelegate.swift in Sources */ = {isa = PBXBuildFile; fileRef = 326A35AF24DCE66700782592 /* SceneDelegate.swift */; };
		326A35B224DCE66700782592 /* ViewController.swift in Sources */ = {isa = PBXBuildFile; fileRef = 326A35B124DCE66700782592 /* ViewController.swift */; };
		326A35B524DCE66700782592 /* Main.storyboard in Resources */ = {isa = PBXBuildFile; fileRef = 326A35B324DCE66700782592 /* Main.storyboard */; };
		326A35B724DCE66800782592 /* Assets.xcassets in Resources */ = {isa = PBXBuildFile; fileRef = 326A35B624DCE66800782592 /* Assets.xcassets */; };
		326A35BA24DCE66800782592 /* LaunchScreen.storyboard in Resources */ = {isa = PBXBuildFile; fileRef = 326A35B824DCE66800782592 /* LaunchScreen.storyboard */; };
		326A35C224DCEAFE00782592 /* WebKit.framework in Frameworks */ = {isa = PBXBuildFile; fileRef = 326A35C124DCEAFE00782592 /* WebKit.framework */; };
		326A35C824DCF83B00782592 /* LoginViewController.swift in Sources */ = {isa = PBXBuildFile; fileRef = 326A35C724DCF83B00782592 /* LoginViewController.swift */; };
		F76D532E11E10CDEFFF3DA34 /* Pods_WEBViewGWP.framework in Frameworks */ = {isa = PBXBuildFile; fileRef = ACB5BE0993218B763A543DCD /* Pods_WEBViewGWP.framework */; };
/* End PBXBuildFile section */

/* Begin PBXFileReference section */
		326A35AA24DCE66700782592 /* WEBViewGWP.app */ = {isa = PBXFileReference; explicitFileType = wrapper.application; includeInIndex = 0; path = WEBViewGWP.app; sourceTree = BUILT_PRODUCTS_DIR; };
		326A35AD24DCE66700782592 /* AppDelegate.swift */ = {isa = PBXFileReference; lastKnownFileType = sourcecode.swift; path = AppDelegate.swift; sourceTree = "<group>"; };
		326A35AF24DCE66700782592 /* SceneDelegate.swift */ = {isa = PBXFileReference; lastKnownFileType = sourcecode.swift; path = SceneDelegate.swift; sourceTree = "<group>"; };
		326A35B124DCE66700782592 /* ViewController.swift */ = {isa = PBXFileReference; lastKnownFileType = sourcecode.swift; path = ViewController.swift; sourceTree = "<group>"; };
		326A35B424DCE66700782592 /* Base */ = {isa = PBXFileReference; lastKnownFileType = file.storyboard; name = Base; path = Base.lproj/Main.storyboard; sourceTree = "<group>"; };
		326A35B624DCE66800782592 /* Assets.xcassets */ = {isa = PBXFileReference; lastKnownFileType = folder.assetcatalog; path = Assets.xcassets; sourceTree = "<group>"; };
		326A35B924DCE66800782592 /* Base */ = {isa = PBXFileReference; lastKnownFileType = file.storyboard; name = Base; path = Base.lproj/LaunchScreen.storyboard; sourceTree = "<group>"; };
		326A35BB24DCE66800782592 /* Info.plist */ = {isa = PBXFileReference; lastKnownFileType = text.plist.xml; path = Info.plist; sourceTree = "<group>"; };
		326A35C124DCEAFE00782592 /* WebKit.framework */ = {isa = PBXFileReference; lastKnownFileType = wrapper.framework; name = WebKit.framework; path = System/Library/Frameworks/WebKit.framework; sourceTree = SDKROOT; };
		326A35C724DCF83B00782592 /* LoginViewController.swift */ = {isa = PBXFileReference; lastKnownFileType = sourcecode.swift; path = LoginViewController.swift; sourceTree = "<group>"; };
		84B243F044849110CD706720 /* Pods-WEBViewGWP.debug.xcconfig */ = {isa = PBXFileReference; includeInIndex = 1; lastKnownFileType = text.xcconfig; name = "Pods-WEBViewGWP.debug.xcconfig"; path = "Target Support Files/Pods-WEBViewGWP/Pods-WEBViewGWP.debug.xcconfig"; sourceTree = "<group>"; };
		ACB5BE0993218B763A543DCD /* Pods_WEBViewGWP.framework */ = {isa = PBXFileReference; explicitFileType = wrapper.framework; includeInIndex = 0; path = Pods_WEBViewGWP.framework; sourceTree = BUILT_PRODUCTS_DIR; };
		DB88A25CB868105F1D8B5ECF /* Pods-WEBViewGWP.release.xcconfig */ = {isa = PBXFileReference; includeInIndex = 1; lastKnownFileType = text.xcconfig; name = "Pods-WEBViewGWP.release.xcconfig"; path = "Target Support Files/Pods-WEBViewGWP/Pods-WEBViewGWP.release.xcconfig"; sourceTree = "<group>"; };
/* End PBXFileReference section */

/* Begin PBXFrameworksBuildPhase section */
		326A35A724DCE66700782592 /* Frameworks */ = {
			isa = PBXFrameworksBuildPhase;
			buildActionMask = 2147483647;
			files = (
				326A35C224DCEAFE00782592 /* WebKit.framework in Frameworks */,
				F76D532E11E10CDEFFF3DA34 /* Pods_WEBViewGWP.framework in Frameworks */,
			);
			runOnlyForDeploymentPostprocessing = 0;
		};
/* End PBXFrameworksBuildPhase section */

/* Begin PBXGroup section */
		326A35A124DCE66700782592 = {
			isa = PBXGroup;
			children = (
				326A35AC24DCE66700782592 /* WEBViewGWP */,
				326A35AB24DCE66700782592 /* Products */,
				53DD1AE282BA2D13F0FEAEAB /* Pods */,
				C707C62767E26C0D5B66618C /* Frameworks */,
			);
			sourceTree = "<group>";
		};
		326A35AB24DCE66700782592 /* Products */ = {
			isa = PBXGroup;
			children = (
				326A35AA24DCE66700782592 /* WEBViewGWP.app */,
			);
			name = Products;
			sourceTree = "<group>";
		};
		326A35AC24DCE66700782592 /* WEBViewGWP */ = {
			isa = PBXGroup;
			children = (
				326A35AD24DCE66700782592 /* AppDelegate.swift */,
				326A35AF24DCE66700782592 /* SceneDelegate.swift */,
				326A35B124DCE66700782592 /* ViewController.swift */,
				326A35C724DCF83B00782592 /* LoginViewController.swift */,
				326A35B324DCE66700782592 /* Main.storyboard */,
				326A35B624DCE66800782592 /* Assets.xcassets */,
				326A35B824DCE66800782592 /* LaunchScreen.storyboard */,
				326A35BB24DCE66800782592 /* Info.plist */,
			);
			path = WEBViewGWP;
			sourceTree = "<group>";
		};
		53DD1AE282BA2D13F0FEAEAB /* Pods */ = {
			isa = PBXGroup;
			children = (
				84B243F044849110CD706720 /* Pods-WEBViewGWP.debug.xcconfig */,
				DB88A25CB868105F1D8B5ECF /* Pods-WEBViewGWP.release.xcconfig */,
			);
			path = Pods;
			sourceTree = "<group>";
		};
		C707C62767E26C0D5B66618C /* Frameworks */ = {
			isa = PBXGroup;
			children = (
				326A35C124DCEAFE00782592 /* WebKit.framework */,
				ACB5BE0993218B763A543DCD /* Pods_WEBViewGWP.framework */,
			);
			name = Frameworks;
			sourceTree = "<group>";
		};
/* End PBXGroup section */

/* Begin PBXNativeTarget section */
		326A35A924DCE66700782592 /* WEBViewGWP */ = {
			isa = PBXNativeTarget;
			buildConfigurationList = 326A35BE24DCE66800782592 /* Build configuration list for PBXNativeTarget "WEBViewGWP" */;
			buildPhases = (
				1FA519EC594E322002709BF7 /* [CP] Check Pods Manifest.lock */,
				326A35A624DCE66700782592 /* Sources */,
				326A35A724DCE66700782592 /* Frameworks */,
				326A35A824DCE66700782592 /* Resources */,
				C79BCA8924DED7184283E974 /* [CP] Embed Pods Frameworks */,
			);
			buildRules = (
			);
			dependencies = (
			);
			name = WEBViewGWP;
			productName = WEBViewGWP;
			productReference = 326A35AA24DCE66700782592 /* WEBViewGWP.app */;
			productType = "com.apple.product-type.application";
		};
/* End PBXNativeTarget section */

/* Begin PBXProject section */
		326A35A224DCE66700782592 /* Project object */ = {
			isa = PBXProject;
			attributes = {
				LastSwiftUpdateCheck = 1160;
				LastUpgradeCheck = 1160;
				ORGANIZATIONNAME = "JeeYong LEE";
				TargetAttributes = {
					326A35A924DCE66700782592 = {
						CreatedOnToolsVersion = 11.6;
					};
				};
			};
			buildConfigurationList = 326A35A524DCE66700782592 /* Build configuration list for PBXProject "WEBViewGWP" */;
			compatibilityVersion = "Xcode 9.3";
			developmentRegion = en;
			hasScannedForEncodings = 0;
			knownRegions = (
				en,
				Base,
			);
			mainGroup = 326A35A124DCE66700782592;
			productRefGroup = 326A35AB24DCE66700782592 /* Products */;
			projectDirPath = "";
			projectRoot = "";
			targets = (
				326A35A924DCE66700782592 /* WEBViewGWP */,
			);
		};
/* End PBXProject section */

/* Begin PBXResourcesBuildPhase section */
		326A35A824DCE66700782592 /* Resources */ = {
			isa = PBXResourcesBuildPhase;
			buildActionMask = 2147483647;
			files = (
				326A35BA24DCE66800782592 /* LaunchScreen.storyboard in Resources */,
				326A35B724DCE66800782592 /* Assets.xcassets in Resources */,
				326A35B524DCE66700782592 /* Main.storyboard in Resources */,
			);
			runOnlyForDeploymentPostprocessing = 0;
		};
/* End PBXResourcesBuildPhase section */

/* Begin PBXShellScriptBuildPhase section */
		1FA519EC594E322002709BF7 /* [CP] Check Pods Manifest.lock */ = {
			isa = PBXShellScriptBuildPhase;
			buildActionMask = 2147483647;
			files = (
			);
			inputFileListPaths = (
			);
			inputPaths = (
				"${PODS_PODFILE_DIR_PATH}/Podfile.lock",
				"${PODS_ROOT}/Manifest.lock",
			);
			name = "[CP] Check Pods Manifest.lock";
			outputFileListPaths = (
			);
			outputPaths = (
				"$(DERIVED_FILE_DIR)/Pods-WEBViewGWP-checkManifestLockResult.txt",
			);
			runOnlyForDeploymentPostprocessing = 0;
			shellPath = /bin/sh;
			shellScript = "diff \"${PODS_PODFILE_DIR_PATH}/Podfile.lock\" \"${PODS_ROOT}/Manifest.lock\" > /dev/null\nif [ $? != 0 ] ; then\n    # print error to STDERR\n    echo \"error: The sandbox is not in sync with the Podfile.lock. Run 'pod install' or update your CocoaPods installation.\" >&2\n    exit 1\nfi\n# This output is used by Xcode 'outputs' to avoid re-running this script phase.\necho \"SUCCESS\" > \"${SCRIPT_OUTPUT_FILE_0}\"\n";
			showEnvVarsInLog = 0;
		};
		C79BCA8924DED7184283E974 /* [CP] Embed Pods Frameworks */ = {
			isa = PBXShellScriptBuildPhase;
			buildActionMask = 2147483647;
			files = (
			);
			inputFileListPaths = (
				"${PODS_ROOT}/Target Support Files/Pods-WEBViewGWP/Pods-WEBViewGWP-frameworks-${CONFIGURATION}-input-files.xcfilelist",
			);
			name = "[CP] Embed Pods Frameworks";
			outputFileListPaths = (
				"${PODS_ROOT}/Target Support Files/Pods-WEBViewGWP/Pods-WEBViewGWP-frameworks-${CONFIGURATION}-output-files.xcfilelist",
			);
			runOnlyForDeploymentPostprocessing = 0;
			shellPath = /bin/sh;
			shellScript = "\"${PODS_ROOT}/Target Support Files/Pods-WEBViewGWP/Pods-WEBViewGWP-frameworks.sh\"\n";
			showEnvVarsInLog = 0;
		};
/* End PBXShellScriptBuildPhase section */

/* Begin PBXSourcesBuildPhase section */
		326A35A624DCE66700782592 /* Sources */ = {
			isa = PBXSourcesBuildPhase;
			buildActionMask = 2147483647;
			files = (
				326A35C824DCF83B00782592 /* LoginViewController.swift in Sources */,
				326A35B224DCE66700782592 /* ViewController.swift in Sources */,
				326A35AE24DCE66700782592 /* AppDelegate.swift in Sources */,
				326A35B024DCE66700782592 /* SceneDelegate.swift in Sources */,
			);
			runOnlyForDeploymentPostprocessing = 0;
		};
/* End PBXSourcesBuildPhase section */

/* Begin PBXVariantGroup section */
		326A35B324DCE66700782592 /* Main.storyboard */ = {
			isa = PBXVariantGroup;
			children = (
				326A35B424DCE66700782592 /* Base */,
			);
			name = Main.storyboard;
			sourceTree = "<group>";
		};
		326A35B824DCE66800782592 /* LaunchScreen.storyboard */ = {
			isa = PBXVariantGroup;
			children = (
				326A35B924DCE66800782592 /* Base */,
			);
			name = LaunchScreen.storyboard;
			sourceTree = "<group>";
		};
/* End PBXVariantGroup section */

/* Begin XCBuildConfiguration section */
		326A35BC24DCE66800782592 /* Debug */ = {
			isa = XCBuildConfiguration;
			buildSettings = {
				ALWAYS_SEARCH_USER_PATHS = NO;
				CLANG_ANALYZER_NONNULL = YES;
				CLANG_ANALYZER_NUMBER_OBJECT_CONVERSION = YES_AGGRESSIVE;
				CLANG_CXX_LANGUAGE_STANDARD = "gnu++14";
				CLANG_CXX_LIBRARY = "libc++";
				CLANG_ENABLE_MODULES = YES;
				CLANG_ENABLE_OBJC_ARC = YES;
				CLANG_ENABLE_OBJC_WEAK = YES;
				CLANG_WARN_BLOCK_CAPTURE_AUTORELEASING = YES;
				CLANG_WARN_BOOL_CONVERSION = YES;
				CLANG_WARN_COMMA = YES;
				CLANG_WARN_CONSTANT_CONVERSION = YES;
				CLANG_WARN_DEPRECATED_OBJC_IMPLEMENTATIONS = YES;
				CLANG_WARN_DIRECT_OBJC_ISA_USAGE = YES_ERROR;
				CLANG_WARN_DOCUMENTATION_COMMENTS = YES;
				CLANG_WARN_EMPTY_BODY = YES;
				CLANG_WARN_ENUM_CONVERSION = YES;
				CLANG_WARN_INFINITE_RECURSION = YES;
				CLANG_WARN_INT_CONVERSION = YES;
				CLANG_WARN_NON_LITERAL_NULL_CONVERSION = YES;
				CLANG_WARN_OBJC_IMPLICIT_RETAIN_SELF = YES;
				CLANG_WARN_OBJC_LITERAL_CONVERSION = YES;
				CLANG_WARN_OBJC_ROOT_CLASS = YES_ERROR;
				CLANG_WARN_RANGE_LOOP_ANALYSIS = YES;
				CLANG_WARN_STRICT_PROTOTYPES = YES;
				CLANG_WARN_SUSPICIOUS_MOVE = YES;
				CLANG_WARN_UNGUARDED_AVAILABILITY = YES_AGGRESSIVE;
				CLANG_WARN_UNREACHABLE_CODE = YES;
				CLANG_WARN__DUPLICATE_METHOD_MATCH = YES;
				COPY_PHASE_STRIP = NO;
				DEBUG_INFORMATION_FORMAT = dwarf;
				ENABLE_STRICT_OBJC_MSGSEND = YES;
				ENABLE_TESTABILITY = YES;
				GCC_C_LANGUAGE_STANDARD = gnu11;
				GCC_DYNAMIC_NO_PIC = NO;
				GCC_NO_COMMON_BLOCKS = YES;
				GCC_OPTIMIZATION_LEVEL = 0;
				GCC_PREPROCESSOR_DEFINITIONS = (
					"DEBUG=1",
					"$(inherited)",
				);
				GCC_WARN_64_TO_32_BIT_CONVERSION = YES;
				GCC_WARN_ABOUT_RETURN_TYPE = YES_ERROR;
				GCC_WARN_UNDECLARED_SELECTOR = YES;
				GCC_WARN_UNINITIALIZED_AUTOS = YES_AGGRESSIVE;
				GCC_WARN_UNUSED_FUNCTION = YES;
				GCC_WARN_UNUSED_VARIABLE = YES;
				IPHONEOS_DEPLOYMENT_TARGET = 13.6;
				MTL_ENABLE_DEBUG_INFO = INCLUDE_SOURCE;
				MTL_FAST_MATH = YES;
				ONLY_ACTIVE_ARCH = YES;
				SDKROOT = iphoneos;
				SWIFT_ACTIVE_COMPILATION_CONDITIONS = DEBUG;
				SWIFT_OPTIMIZATION_LEVEL = "-Onone";
			};
			name = Debug;
		};
		326A35BD24DCE66800782592 /* Release */ = {
			isa = XCBuildConfiguration;
			buildSettings = {
				ALWAYS_SEARCH_USER_PATHS = NO;
				CLANG_ANALYZER_NONNULL = YES;
				CLANG_ANALYZER_NUMBER_OBJECT_CONVERSION = YES_AGGRESSIVE;
				CLANG_CXX_LANGUAGE_STANDARD = "gnu++14";
				CLANG_CXX_LIBRARY = "libc++";
				CLANG_ENABLE_MODULES = YES;
				CLANG_ENABLE_OBJC_ARC = YES;
				CLANG_ENABLE_OBJC_WEAK = YES;
				CLANG_WARN_BLOCK_CAPTURE_AUTORELEASING = YES;
				CLANG_WARN_BOOL_CONVERSION = YES;
				CLANG_WARN_COMMA = YES;
				CLANG_WARN_CONSTANT_CONVERSION = YES;
				CLANG_WARN_DEPRECATED_OBJC_IMPLEMENTATIONS = YES;
				CLANG_WARN_DIRECT_OBJC_ISA_USAGE = YES_ERROR;
				CLANG_WARN_DOCUMENTATION_COMMENTS = YES;
				CLANG_WARN_EMPTY_BODY = YES;
				CLANG_WARN_ENUM_CONVERSION = YES;
				CLANG_WARN_INFINITE_RECURSION = YES;
				CLANG_WARN_INT_CONVERSION = YES;
				CLANG_WARN_NON_LITERAL_NULL_CONVERSION = YES;
				CLANG_WARN_OBJC_IMPLICIT_RETAIN_SELF = YES;
				CLANG_WARN_OBJC_LITERAL_CONVERSION = YES;
				CLANG_WARN_OBJC_ROOT_CLASS = YES_ERROR;
				CLANG_WARN_RANGE_LOOP_ANALYSIS = YES;
				CLANG_WARN_STRICT_PROTOTYPES = YES;
				CLANG_WARN_SUSPICIOUS_MOVE = YES;
				CLANG_WARN_UNGUARDED_AVAILABILITY = YES_AGGRESSIVE;
				CLANG_WARN_UNREACHABLE_CODE = YES;
				CLANG_WARN__DUPLICATE_METHOD_MATCH = YES;
				COPY_PHASE_STRIP = NO;
				DEBUG_INFORMATION_FORMAT = "dwarf-with-dsym";
				ENABLE_NS_ASSERTIONS = NO;
				ENABLE_STRICT_OBJC_MSGSEND = YES;
				GCC_C_LANGUAGE_STANDARD = gnu11;
				GCC_NO_COMMON_BLOCKS = YES;
				GCC_WARN_64_TO_32_BIT_CONVERSION = YES;
				GCC_WARN_ABOUT_RETURN_TYPE = YES_ERROR;
				GCC_WARN_UNDECLARED_SELECTOR = YES;
				GCC_WARN_UNINITIALIZED_AUTOS = YES_AGGRESSIVE;
				GCC_WARN_UNUSED_FUNCTION = YES;
				GCC_WARN_UNUSED_VARIABLE = YES;
				IPHONEOS_DEPLOYMENT_TARGET = 13.6;
				MTL_ENABLE_DEBUG_INFO = NO;
				MTL_FAST_MATH = YES;
				SDKROOT = iphoneos;
				SWIFT_COMPILATION_MODE = wholemodule;
				SWIFT_OPTIMIZATION_LEVEL = "-O";
				VALIDATE_PRODUCT = YES;
			};
			name = Release;
		};
		326A35BF24DCE66800782592 /* Debug */ = {
			isa = XCBuildConfiguration;
			baseConfigurationReference = 84B243F044849110CD706720 /* Pods-WEBViewGWP.debug.xcconfig */;
			buildSettings = {
				ASSETCATALOG_COMPILER_APPICON_NAME = AppIcon;
				CODE_SIGN_STYLE = Automatic;
				DEVELOPMENT_TEAM = B7VL3T82J5;
				INFOPLIST_FILE = WEBViewGWP/Info.plist;
				LD_RUNPATH_SEARCH_PATHS = (
					"$(inherited)",
					"@executable_path/Frameworks",
				);
				PRODUCT_BUNDLE_IDENTIFIER = com.koiware.WEBViewGWP;
				PRODUCT_NAME = "$(TARGET_NAME)";
				SWIFT_VERSION = 5.0;
				TARGETED_DEVICE_FAMILY = "1,2";
			};
			name = Debug;
		};
		326A35C024DCE66800782592 /* Release */ = {
			isa = XCBuildConfiguration;
			baseConfigurationReference = DB88A25CB868105F1D8B5ECF /* Pods-WEBViewGWP.release.xcconfig */;
			buildSettings = {
				ASSETCATALOG_COMPILER_APPICON_NAME = AppIcon;
				CODE_SIGN_STYLE = Automatic;
				DEVELOPMENT_TEAM = B7VL3T82J5;
				INFOPLIST_FILE = WEBViewGWP/Info.plist;
				LD_RUNPATH_SEARCH_PATHS = (
					"$(inherited)",
					"@executable_path/Frameworks",
				);
				PRODUCT_BUNDLE_IDENTIFIER = com.koiware.WEBViewGWP;
				PRODUCT_NAME = "$(TARGET_NAME)";
				SWIFT_VERSION = 5.0;
				TARGETED_DEVICE_FAMILY = "1,2";
			};
			name = Release;
		};
/* End XCBuildConfiguration section */

/* Begin XCConfigurationList section */
		326A35A524DCE66700782592 /* Build configuration list for PBXProject "WEBViewGWP" */ = {
			isa = XCConfigurationList;
			buildConfigurations = (
				326A35BC24DCE66800782592 /* Debug */,
				326A35BD24DCE66800782592 /* Release */,
			);
			defaultConfigurationIsVisible = 0;
			defaultConfigurationName = Release;
		};
		326A35BE24DCE66800782592 /* Build configuration list for PBXNativeTarget "WEBViewGWP" */ = {
			isa = XCConfigurationList;
			buildConfigurations = (
				326A35BF24DCE66800782592 /* Debug */,
				326A35C024DCE66800782592 /* Release */,
			);
			defaultConfigurationIsVisible = 0;
			defaultConfigurationName = Release;
		};
/* End XCConfigurationList section */
	};
	rootObject = 326A35A224DCE66700782592 /* Project object */;
}
